PODS:
  - Flutter (1.0.0)
  - path_provider_foundation (0.0.1):
    - Flutter
    - FlutterMacOS
  - sqlite3 (3.35.5):
    - sqlite3/common (= 3.35.5)
  - sqlite3/common (3.35.5)
  - sqlite3/fts5 (3.35.5):
    - sqlite3/common
  - sqlite3/json1 (3.35.5):
    - sqlite3/common
  - sqlite3/perf-threadsafe (3.35.5):
    - sqlite3/common
  - sqlite3/rtree (3.35.5):
    - sqlite3/common
  - sqlite3_flutter_libs (0.0.1):
    - Flutter
    - sqlite3 (~> 3.35.4)
    - sqlite3/fts5
    - sqlite3/json1
    - sqlite3/perf-threadsafe
    - sqlite3/rtree

DEPENDENCIES:
  - Flutter (from `Flutter`)
  - path_provider_foundation (from `.symlinks/plugins/path_provider_foundation/darwin`)
  - sqlite3_flutter_libs (from `.symlinks/plugins/sqlite3_flutter_libs/ios`)

SPEC REPOS:
  trunk:
    - sqlite3

EXTERNAL SOURCES:
  Flutter:
    :path: Flutter
  path_provider_foundation:
    :path: ".symlinks/plugins/path_provider_foundation/darwin"
  sqlite3_flutter_libs:
    :path: ".symlinks/plugins/sqlite3_flutter_libs/ios"

SPEC CHECKSUMS:
  Flutter: e0871f40cf51350855a761d2e70bf5af5b9b5de7
  path_provider_foundation: 3784922295ac71e43754bd15e0653ccfd36a147c
  sqlite3: 75da32fd4e3574f6c38566a9f0114cfe792c8db5
  sqlite3_flutter_libs: aedb7b6ba191f9a052dcef77691cf5d37437431c

PODFILE CHECKSUM: ce13d36744da294d67f8e460dbb7aed7c09bd7f4

COCOAPODS: 1.15.2
